
Microsoft Visual Studio Solution File, Format Version 12.00
# Visual Studio Version 17
VisualStudioVersion = 17.3.32825.248
MinimumVisualStudioVersion = 10.0.40219.1
Project("{9A19103F-16F7-4668-BE54-9A1E7A4F7556}") = "z1", "z1\z1.csproj", "{32EE3F07-925F-45B0-9DC7-F53DC472375E}"
EndProject
Project("{9A19103F-16F7-4668-BE54-9A1E7A4F7556}") = "z2", "z2\z2.csproj", "{320B3AF1-19BA-4C3D-BE4E-97BAA62904F2}"
EndProject
Project("{9A19103F-16F7-4668-BE54-9A1E7A4F7556}") = "z3", "z3\z3.csproj", "{77649A8A-2642-453D-822F-2F0310D55E5D}"
EndProject
Global
	GlobalSection(SolutionConfigurationPlatforms) = preSolution
		Debug|Any CPU = Debug|Any CPU
		Release|Any CPU = Release|Any CPU
	EndGlobalSection
	GlobalSection(ProjectConfigurationPlatforms) = postSolution
		{32EE3F07-925F-45B0-9DC7-F53DC472375E}.Debug|Any CPU.ActiveCfg = Debug|Any CPU
		{32EE3F07-925F-45B0-9DC7-F53DC472375E}.Debug|Any CPU.Build.0 = Debug|Any CPU
		{32EE3F07-925F-45B0-9DC7-F53DC472375E}.Release|Any CPU.ActiveCfg = Release|Any CPU
		{32EE3F07-925F-45B0-9DC7-F53DC472375E}.Release|Any CPU.Build.0 = Release|Any CPU
		{320B3AF1-19BA-4C3D-BE4E-97BAA62904F2}.Debug|Any CPU.ActiveCfg = Debug|Any CPU
		{320B3AF1-19BA-4C3D-BE4E-97BAA62904F2}.Debug|Any CPU.Build.0 = Debug|Any CPU
		{320B3AF1-19BA-4C3D-BE4E-97BAA62904F2}.Release|Any CPU.ActiveCfg = Release|Any CPU
		{320B3AF1-19BA-4C3D-BE4E-97BAA62904F2}.Release|Any CPU.Build.0 = Release|Any CPU
		{77649A8A-2642-453D-822F-2F0310D55E5D}.Debug|Any CPU.ActiveCfg = Debug|Any CPU
		{77649A8A-2642-453D-822F-2F0310D55E5D}.Debug|Any CPU.Build.0 = Debug|Any CPU
		{77649A8A-2642-453D-822F-2F0310D55E5D}.Release|Any CPU.ActiveCfg = Release|Any CPU
		{77649A8A-2642-453D-822F-2F0310D55E5D}.Release|Any CPU.Build.0 = Release|Any CPU
	EndGlobalSection
	GlobalSection(SolutionProperties) = preSolution
		HideSolutionNode = FALSE
	EndGlobalSection
	GlobalSection(ExtensibilityGlobals) = postSolution
		SolutionGuid = {200B8656-FDD7-4217-8613-371AE09B8CE3}
	EndGlobalSection
EndGlobal
